<?xml version="1.0" encoding="utf-8"?>
<Project ToolsVersion="4.0" xmlns="http://schemas.microsoft.com/developer/msbuild/2003">
  <ItemGroup>
    <Filter Include="Source Files">
      <UniqueIdentifier>{4FC737F1-C7A5-4376-A066-2A32D752A2FF}</UniqueIdentifier>
      <Extensions>cpp;c;cc;cxx;def;odl;idl;hpj;bat;asm;asmx</Extensions>
    </Filter>
    <Filter Include="Header Files">
      <UniqueIdentifier>{93995380-89BD-4b04-88EB-625FBE52EBFB}</UniqueIdentifier>
      <Extensions>h;hh;hpp;hxx;hm;inl;inc;xsd</Extensions>
    </Filter>
    <Filter Include="Resource Files">
      <UniqueIdentifier>{67DA6AB6-F800-4c08-8B7A-83BB121AAD01}</UniqueIdentifier>
      <Extensions>qrc;rc;ico;cur;bmp;dlg;rc2;rct;bin;rgs;gif;jpg;jpeg;jpe;resx;tiff;tif;png;wav;mfcribbon-ms</Extensions>
    </Filter>
    <Filter Include="Form Files">
      <UniqueIdentifier>{99349809-55BA-4b9d-BF79-8FDBB0286EB3}</UniqueIdentifier>
      <Extensions>ui</Extensions>
    </Filter>
    <Filter Include="Translation Files">
      <UniqueIdentifier>{639EADAA-A684-42e4-A9AD-28FC9BCB8F7C}</UniqueIdentifier>
      <Extensions>ts</Extensions>
    </Filter>
  </ItemGroup>
  <ItemGroup>
    <ClInclude Include="FileMovieBasketRepo.h">
      <Filter>Header Files</Filter>
    </ClInclude>
    <ClInclude Include="FileRepo.h">
      <Filter>Header Files</Filter>
    </ClInclude>
    <ClInclude Include="ListTemplate.h">
      <Filter>Header Files</Filter>
    </ClInclude>
    <ClInclude Include="Movie.h">
      <Filter>Header Files</Filter>
    </ClInclude>
    <ClInclude Include="MovieBasketRepo.h">
      <Filter>Header Files</Filter>
    </ClInclude>
    <ClInclude Include="MovieMapDTO.h">
      <Filter>Header Files</Filter>
    </ClInclude>
    <ClInclude Include="MovieRepo.h">
      <Filter>Header Files</Filter>
    </ClInclude>
    <ClInclude Include="MovieService.h">
      <Filter>Header Files</Filter>
    </ClInclude>
    <ClInclude Include="MovieUI.h">
      <Filter>Header Files</Filter>
    </ClInclude>
    <ClInclude Include="MovieValidator.h">
      <Filter>Header Files</Filter>
    </ClInclude>
    <ClInclude Include="Repo.h">
      <Filter>Header Files</Filter>
    </ClInclude>
    <ClInclude Include="RepoLab.h">
      <Filter>Header Files</Filter>
    </ClInclude>
    <ClInclude Include="UndoAction.h">
      <Filter>Header Files</Filter>
    </ClInclude>
    <ClInclude Include="MyGUI.h">
      <Filter>Header Files</Filter>
    </ClInclude>
    <ClInclude Include="BasketUI.h">
      <Filter>Header Files</Filter>
    </ClInclude>
    <ClInclude Include="Observer.h">
      <Filter>Header Files</Filter>
    </ClInclude>
    <ClInclude Include="CosCrudGui.h">
      <Filter>Header Files</Filter>
    </ClInclude>
    <ClInclude Include="CosReadOnlyGui.h">
      <Filter>Header Files</Filter>
    </ClInclude>
  </ItemGroup>
  <ItemGroup>
    <ClCompile Include="FileMovieBasketRepo.cpp">
      <Filter>Source Files</Filter>
    </ClCompile>
    <ClCompile Include="FileRepo.cpp">
      <Filter>Source Files</Filter>
    </ClCompile>
    <ClCompile Include="ListTemplate.cpp">
      <Filter>Source Files</Filter>
    </ClCompile>
    <ClCompile Include="main.cpp">
      <Filter>Source Files</Filter>
    </ClCompile>
    <ClCompile Include="Movie.cpp">
      <Filter>Source Files</Filter>
    </ClCompile>
    <ClCompile Include="MovieBasketRepo.cpp">
      <Filter>Source Files</Filter>
    </ClCompile>
    <ClCompile Include="MovieMapDTO.cpp">
      <Filter>Source Files</Filter>
    </ClCompile>
    <ClCompile Include="MovieRepo.cpp">
      <Filter>Source Files</Filter>
    </ClCompile>
    <ClCompile Include="MovieService.cpp">
      <Filter>Source Files</Filter>
    </ClCompile>
    <ClCompile Include="MovieUI.cpp">
      <Filter>Source Files</Filter>
    </ClCompile>
    <ClCompile Include="MovieValidator.cpp">
      <Filter>Source Files</Filter>
    </ClCompile>
    <ClCompile Include="Repo.cpp">
      <Filter>Source Files</Filter>
    </ClCompile>
    <ClCompile Include="RepoLab.cpp">
      <Filter>Source Files</Filter>
    </ClCompile>
    <ClCompile Include="UndoAction.cpp">
      <Filter>Source Files</Filter>
    </ClCompile>
    <ClCompile Include="Lab6_7.cpp">
      <Filter>Source Files</Filter>
    </ClCompile>
    <ClCompile Include="MyGUI.cpp">
      <Filter>Source Files</Filter>
    </ClCompile>
    <ClCompile Include="BasketUI.cpp">
      <Filter>Source Files</Filter>
    </ClCompile>
    <ClCompile Include="CosCrudGui.cpp">
      <Filter>Source Files</Filter>
    </ClCompile>
    <ClCompile Include="CosReadOnlyGui.cpp">
      <Filter>Source Files</Filter>
    </ClCompile>
  </ItemGroup>
</Project>